// !$*UTF8*$!
{
	archiveVersion = 1;
	classes = {
	};
	objectVersion = 46;
	objects = {

/* Begin PBXBuildFile section */
		CAFBB32B993367EE31CE0EDC /* libPods-Mi Primer Mapa.a in Frameworks */ = {isa = PBXBuildFile; fileRef = F309A9D179906A87B6A5A7E2 /* libPods-Mi Primer Mapa.a */; };
		D1D468BF1F7C6A1700066F4D /* main.m in Sources */ = {isa = PBXBuildFile; fileRef = D1D468BE1F7C6A1700066F4D /* main.m */; };
		D1D468C21F7C6A1700066F4D /* AppDelegate.m in Sources */ = {isa = PBXBuildFile; fileRef = D1D468C11F7C6A1700066F4D /* AppDelegate.m */; };
		D1D468C51F7C6A1700066F4D /* Home.m in Sources */ = {isa = PBXBuildFile; fileRef = D1D468C41F7C6A1700066F4D /* Home.m */; };
		D1D468C81F7C6A1700066F4D /* Main.storyboard in Resources */ = {isa = PBXBuildFile; fileRef = D1D468C61F7C6A1700066F4D /* Main.storyboard */; };
		D1D468CB1F7C6A1700066F4D /* Mi_Primer_Mapa.xcdatamodeld in Sources */ = {isa = PBXBuildFile; fileRef = D1D468C91F7C6A1700066F4D /* Mi_Primer_Mapa.xcdatamodeld */; };
		D1D468CD1F7C6A1700066F4D /* Assets.xcassets in Resources */ = {isa = PBXBuildFile; fileRef = D1D468CC1F7C6A1700066F4D /* Assets.xcassets */; };
		D1D468D01F7C6A1700066F4D /* LaunchScreen.storyboard in Resources */ = {isa = PBXBuildFile; fileRef = D1D468CE1F7C6A1700066F4D /* LaunchScreen.storyboard */; };
		D1D468DA1F7C6C7500066F4D /* Podfile in Resources */ = {isa = PBXBuildFile; fileRef = D1D468D91F7C6C7500066F4D /* Podfile */; };
/* End PBXBuildFile section */

/* Begin PBXFileReference section */
		3E3B6EC931000BC731ADB4F3 /* Pods-Mi Primer Mapa.release.xcconfig */ = {isa = PBXFileReference; includeInIndex = 1; lastKnownFileType = text.xcconfig; name = "Pods-Mi Primer Mapa.release.xcconfig"; path = "Pods/Target Support Files/Pods-Mi Primer Mapa/Pods-Mi Primer Mapa.release.xcconfig"; sourceTree = "<group>"; };
		98672355949E1FB101E63689 /* Pods-Mi Primer Mapa.debug.xcconfig */ = {isa = PBXFileReference; includeInIndex = 1; lastKnownFileType = text.xcconfig; name = "Pods-Mi Primer Mapa.debug.xcconfig"; path = "Pods/Target Support Files/Pods-Mi Primer Mapa/Pods-Mi Primer Mapa.debug.xcconfig"; sourceTree = "<group>"; };
		D1D468BA1F7C6A1700066F4D /* Mi Primer Mapa.app */ = {isa = PBXFileReference; explicitFileType = wrapper.application; includeInIndex = 0; path = "Mi Primer Mapa.app"; sourceTree = BUILT_PRODUCTS_DIR; };
		D1D468BE1F7C6A1700066F4D /* main.m */ = {isa = PBXFileReference; lastKnownFileType = sourcecode.c.objc; path = main.m; sourceTree = "<group>"; };
		D1D468C01F7C6A1700066F4D /* AppDelegate.h */ = {isa = PBXFileReference; lastKnownFileType = sourcecode.c.h; path = AppDelegate.h; sourceTree = "<group>"; };
		D1D468C11F7C6A1700066F4D /* AppDelegate.m */ = {isa = PBXFileReference; lastKnownFileType = sourcecode.c.objc; path = AppDelegate.m; sourceTree = "<group>"; };
		D1D468C31F7C6A1700066F4D /* Home.h */ = {isa = PBXFileReference; lastKnownFileType = sourcecode.c.h; path = Home.h; sourceTree = "<group>"; };
		D1D468C41F7C6A1700066F4D /* Home.m */ = {isa = PBXFileReference; lastKnownFileType = sourcecode.c.objc; path = Home.m; sourceTree = "<group>"; };
		D1D468C71F7C6A1700066F4D /* Base */ = {isa = PBXFileReference; lastKnownFileType = file.storyboard; name = Base; path = Base.lproj/Main.storyboard; sourceTree = "<group>"; };
		D1D468CA1F7C6A1700066F4D /* Mi_Primer_Mapa.xcdatamodel */ = {isa = PBXFileReference; lastKnownFileType = wrapper.xcdatamodel; path = Mi_Primer_Mapa.xcdatamodel; sourceTree = "<group>"; };
		D1D468CC1F7C6A1700066F4D /* Assets.xcassets */ = {isa = PBXFileReference; lastKnownFileType = folder.assetcatalog; path = Assets.xcassets; sourceTree = "<group>"; };
		D1D468CF1F7C6A1700066F4D /* Base */ = {isa = PBXFileReference; lastKnownFileType = file.storyboard; name = Base; path = Base.lproj/LaunchScreen.storyboard; sourceTree = "<group>"; };
		D1D468D11F7C6A1700066F4D /* Info.plist */ = {isa = PBXFileReference; lastKnownFileType = text.plist.xml; path = Info.plist; sourceTree = "<group>"; };
		D1D468D91F7C6C7500066F4D /* Podfile */ = {isa = PBXFileReference; fileEncoding = 4; lastKnownFileType = text; path = Podfile; sourceTree = "<group>"; };
		F309A9D179906A87B6A5A7E2 /* libPods-Mi Primer Mapa.a */ = {isa = PBXFileReference; explicitFileType = archive.ar; includeInIndex = 0; path = "libPods-Mi Primer Mapa.a"; sourceTree = BUILT_PRODUCTS_DIR; };
/* End PBXFileReference section */

/* Begin PBXFrameworksBuildPhase section */
		D1D468B71F7C6A1700066F4D /* Frameworks */ = {
			isa = PBXFrameworksBuildPhase;
			buildActionMask = 2147483647;
			files = (
				CAFBB32B993367EE31CE0EDC /* libPods-Mi Primer Mapa.a in Frameworks */,
			);
			runOnlyForDeploymentPostprocessing = 0;
		};
/* End PBXFrameworksBuildPhase section */

/* Begin PBXGroup section */
		51FE9FF2E49416120CC0FC30 /* Pods */ = {
			isa = PBXGroup;
			children = (
				98672355949E1FB101E63689 /* Pods-Mi Primer Mapa.debug.xcconfig */,
				3E3B6EC931000BC731ADB4F3 /* Pods-Mi Primer Mapa.release.xcconfig */,
			);
			name = Pods;
			sourceTree = "<group>";
		};
		7A2ABA83663B2EEFB57268F9 /* Frameworks */ = {
			isa = PBXGroup;
			children = (
				F309A9D179906A87B6A5A7E2 /* libPods-Mi Primer Mapa.a */,
			);
			name = Frameworks;
			sourceTree = "<group>";
		};
		D1D468B11F7C6A1700066F4D = {
			isa = PBXGroup;
			children = (
				D1D468D91F7C6C7500066F4D /* Podfile */,
				D1D468BC1F7C6A1700066F4D /* Mi Primer Mapa */,
				D1D468BB1F7C6A1700066F4D /* Products */,
				51FE9FF2E49416120CC0FC30 /* Pods */,
				7A2ABA83663B2EEFB57268F9 /* Frameworks */,
			);
			sourceTree = "<group>";
		};
		D1D468BB1F7C6A1700066F4D /* Products */ = {
			isa = PBXGroup;
			children = (
				D1D468BA1F7C6A1700066F4D /* Mi Primer Mapa.app */,
			);
			name = Products;
			sourceTree = "<group>";
		};
		D1D468BC1F7C6A1700066F4D /* Mi Primer Mapa */ = {
			isa = PBXGroup;
			children = (
				D1D468D71F7C6A2000066F4D /* Main */,
				D1D468D81F7C6A2F00066F4D /* Controllers */,
				D1D468C61F7C6A1700066F4D /* Main.storyboard */,
				D1D468CC1F7C6A1700066F4D /* Assets.xcassets */,
				D1D468CE1F7C6A1700066F4D /* LaunchScreen.storyboard */,
				D1D468D11F7C6A1700066F4D /* Info.plist */,
				D1D468C91F7C6A1700066F4D /* Mi_Primer_Mapa.xcdatamodeld */,
				D1D468BD1F7C6A1700066F4D /* Supporting Files */,
			);
			path = "Mi Primer Mapa";
			sourceTree = "<group>";
		};
		D1D468BD1F7C6A1700066F4D /* Supporting Files */ = {
			isa = PBXGroup;
			children = (
				D1D468BE1F7C6A1700066F4D /* main.m */,
			);
			name = "Supporting Files";
			sourceTree = "<group>";
		};
		D1D468D71F7C6A2000066F4D /* Main */ = {
			isa = PBXGroup;
			children = (
				D1D468C01F7C6A1700066F4D /* AppDelegate.h */,
				D1D468C11F7C6A1700066F4D /* AppDelegate.m */,
			);
			name = Main;
			sourceTree = "<group>";
		};
		D1D468D81F7C6A2F00066F4D /* Controllers */ = {
			isa = PBXGroup;
			children = (
				D1D468C31F7C6A1700066F4D /* Home.h */,
				D1D468C41F7C6A1700066F4D /* Home.m */,
			);
			name = Controllers;
			sourceTree = "<group>";
		};
/* End PBXGroup section */

/* Begin PBXNativeTarget section */
		D1D468B91F7C6A1700066F4D /* Mi Primer Mapa */ = {
			isa = PBXNativeTarget;
			buildConfigurationList = D1D468D41F7C6A1700066F4D /* Build configuration list for PBXNativeTarget "Mi Primer Mapa" */;
			buildPhases = (
				F5FC584726B297786DF2F03E /* [CP] Check Pods Manifest.lock */,
				D1D468B61F7C6A1700066F4D /* Sources */,
				D1D468B71F7C6A1700066F4D /* Frameworks */,
				D1D468B81F7C6A1700066F4D /* Resources */,
				7F4155D18C4CE94711B2A0D1 /* [CP] Embed Pods Frameworks */,
				EA1DC07EB8FC8D998B91846E /* [CP] Copy Pods Resources */,
			);
			buildRules = (
			);
			dependencies = (
			);
			name = "Mi Primer Mapa";
			productName = "Mi Primer Mapa";
			productReference = D1D468BA1F7C6A1700066F4D /* Mi Primer Mapa.app */;
			productType = "com.apple.product-type.application";
		};
/* End PBXNativeTarget section */

/* Begin PBXProject section */
		D1D468B21F7C6A1700066F4D /* Project object */ = {
			isa = PBXProject;
			attributes = {
				LastUpgradeCheck = 0830;
				ORGANIZATIONNAME = wgdomenzain;
				TargetAttributes = {
					D1D468B91F7C6A1700066F4D = {
						CreatedOnToolsVersion = 8.3.3;
						ProvisioningStyle = Manual;
					};
				};
			};
			buildConfigurationList = D1D468B51F7C6A1700066F4D /* Build configuration list for PBXProject "Mi Primer Mapa" */;
			compatibilityVersion = "Xcode 3.2";
			developmentRegion = English;
			hasScannedForEncodings = 0;
			knownRegions = (
				en,
				Base,
			);
			mainGroup = D1D468B11F7C6A1700066F4D;
			productRefGroup = D1D468BB1F7C6A1700066F4D /* Products */;
			projectDirPath = "";
			projectRoot = "";
			targets = (
				D1D468B91F7C6A1700066F4D /* Mi Primer Mapa */,
			);
		};
/* End PBXProject section */

/* Begin PBXResourcesBuildPhase section */
		D1D468B81F7C6A1700066F4D /* Resources */ = {
			isa = PBXResourcesBuildPhase;
			buildActionMask = 2147483647;
			files = (
				D1D468DA1F7C6C7500066F4D /* Podfile in Resources */,
				D1D468D01F7C6A1700066F4D /* LaunchScreen.storyboard in Resources */,
				D1D468CD1F7C6A1700066F4D /* Assets.xcassets in Resources */,
				D1D468C81F7C6A1700066F4D /* Main.storyboard in Resources */,
			);
			runOnlyForDeploymentPostprocessing = 0;
		};
/* End PBXResourcesBuildPhase section */

/* Begin PBXShellScriptBuildPhase section */
		7F4155D18C4CE94711B2A0D1 /* [CP] Embed Pods Frameworks */ = {
			isa = PBXShellScriptBuildPhase;
			buildActionMask = 2147483647;
			files = (
			);
			inputPaths = (
			);
			name = "[CP] Embed Pods Frameworks";
			outputPaths = (
			);
			runOnlyForDeploymentPostprocessing = 0;
			shellPath = /bin/sh;
			shellScript = "\"${SRCROOT}/Pods/Target Support Files/Pods-Mi Primer Mapa/Pods-Mi Primer Mapa-frameworks.sh\"\n";
			showEnvVarsInLog = 0;
		};
		EA1DC07EB8FC8D998B91846E /* [CP] Copy Pods Resources */ = {
			isa = PBXShellScriptBuildPhase;
			buildActionMask = 2147483647;
			files = (
			);
			inputPaths = (
				"${SRCROOT}/Pods/Target Support Files/Pods-Mi Primer Mapa/Pods-Mi Primer Mapa-resources.sh",
				"${PODS_ROOT}/GoogleMaps/Subspecs/Maps/Frameworks/GoogleMaps.framework/Versions/A/Resources/GoogleMaps.bundle",
				"${PODS_ROOT}/GooglePlaces/Frameworks/GooglePlaces.framework/Versions/A/Resources/GooglePlaces.bundle",
			);
			name = "[CP] Copy Pods Resources";
			outputPaths = (
				"${TARGET_BUILD_DIR}/${UNLOCALIZED_RESOURCES_FOLDER_PATH}",
			);
			runOnlyForDeploymentPostprocessing = 0;
			shellPath = /bin/sh;
			shellScript = "\"${SRCROOT}/Pods/Target Support Files/Pods-Mi Primer Mapa/Pods-Mi Primer Mapa-resources.sh\"\n";
			showEnvVarsInLog = 0;
		};
		F5FC584726B297786DF2F03E /* [CP] Check Pods Manifest.lock */ = {
			isa = PBXShellScriptBuildPhase;
			buildActionMask = 2147483647;
			files = (
			);
			inputPaths = (
				"${PODS_PODFILE_DIR_PATH}/Podfile.lock",
				"${PODS_ROOT}/Manifest.lock",
			);
			name = "[CP] Check Pods Manifest.lock";
			outputPaths = (
				"$(DERIVED_FILE_DIR)/Pods-Mi Primer Mapa-checkManifestLockResult.txt",
			);
			runOnlyForDeploymentPostprocessing = 0;
			shellPath = /bin/sh;
			shellScript = "diff \"${PODS_PODFILE_DIR_PATH}/Podfile.lock\" \"${PODS_ROOT}/Manifest.lock\" > /dev/null\nif [ $? != 0 ] ; then\n    # print error to STDERR\n    echo \"error: The sandbox is not in sync with the Podfile.lock. Run 'pod install' or update your CocoaPods installation.\" >&2\n    exit 1\nfi\n# This output is used by Xcode 'outputs' to avoid re-running this script phase.\necho \"SUCCESS\" > \"${SCRIPT_OUTPUT_FILE_0}\"\n";
			showEnvVarsInLog = 0;
		};
/* End PBXShellScriptBuildPhase section */

/* Begin PBXSourcesBuildPhase section */
		D1D468B61F7C6A1700066F4D /* Sources */ = {
			isa = PBXSourcesBuildPhase;
			buildActionMask = 2147483647;
			files = (
				D1D468C51F7C6A1700066F4D /* Home.m in Sources */,
				D1D468CB1F7C6A1700066F4D /* Mi_Primer_Mapa.xcdatamodeld in Sources */,
				D1D468C21F7C6A1700066F4D /* AppDelegate.m in Sources */,
				D1D468BF1F7C6A1700066F4D /* main.m in Sources */,
			);
			runOnlyForDeploymentPostprocessing = 0;
		};
/* End PBXSourcesBuildPhase section */

/* Begin PBXVariantGroup section */
		D1D468C61F7C6A1700066F4D /* Main.storyboard */ = {
			isa = PBXVariantGroup;
			children = (
				D1D468C71F7C6A1700066F4D /* Base */,
			);
			name = Main.storyboard;
			sourceTree = "<group>";
		};
		D1D468CE1F7C6A1700066F4D /* LaunchScreen.storyboard */ = {
			isa = PBXVariantGroup;
			children = (
				D1D468CF1F7C6A1700066F4D /* Base */,
			);
			name = LaunchScreen.storyboard;
			sourceTree = "<group>";
		};
/* End PBXVariantGroup section */

/* Begin XCBuildConfiguration section */
		D1D468D21F7C6A1700066F4D /* Debug */ = {
			isa = XCBuildConfiguration;
			buildSettings = {
				ALWAYS_SEARCH_USER_PATHS = NO;
				CLANG_ANALYZER_NONNULL = YES;
				CLANG_ANALYZER_NUMBER_OBJECT_CONVERSION = YES_AGGRESSIVE;
				CLANG_CXX_LANGUAGE_STANDARD = "gnu++0x";
				CLANG_CXX_LIBRARY = "libc++";
				CLANG_ENABLE_MODULES = YES;
				CLANG_ENABLE_OBJC_ARC = YES;
				CLANG_WARN_BOOL_CONVERSION = YES;
				CLANG_WARN_CONSTANT_CONVERSION = YES;
				CLANG_WARN_DIRECT_OBJC_ISA_USAGE = YES_ERROR;
				CLANG_WARN_DOCUMENTATION_COMMENTS = YES;
				CLANG_WARN_EMPTY_BODY = YES;
				CLANG_WARN_ENUM_CONVERSION = YES;
				CLANG_WARN_INFINITE_RECURSION = YES;
				CLANG_WARN_INT_CONVERSION = YES;
				CLANG_WARN_OBJC_ROOT_CLASS = YES_ERROR;
				CLANG_WARN_SUSPICIOUS_MOVE = YES;
				CLANG_WARN_UNREACHABLE_CODE = YES;
				CLANG_WARN__DUPLICATE_METHOD_MATCH = YES;
				"CODE_SIGN_IDENTITY[sdk=iphoneos*]" = "iPhone Developer";
				COPY_PHASE_STRIP = NO;
				DEBUG_INFORMATION_FORMAT = dwarf;
				ENABLE_STRICT_OBJC_MSGSEND = YES;
				ENABLE_TESTABILITY = YES;
				GCC_C_LANGUAGE_STANDARD = gnu99;
				GCC_DYNAMIC_NO_PIC = NO;
				GCC_NO_COMMON_BLOCKS = YES;
				GCC_OPTIMIZATION_LEVEL = 0;
				GCC_PREPROCESSOR_DEFINITIONS = (
					"DEBUG=1",
					"$(inherited)",
				);
				GCC_WARN_64_TO_32_BIT_CONVERSION = YES;
				GCC_WARN_ABOUT_RETURN_TYPE = YES_ERROR;
				GCC_WARN_UNDECLARED_SELECTOR = YES;
				GCC_WARN_UNINITIALIZED_AUTOS = YES_AGGRESSIVE;
				GCC_WARN_UNUSED_FUNCTION = YES;
				GCC_WARN_UNUSED_VARIABLE = YES;
				IPHONEOS_DEPLOYMENT_TARGET = 10.3;
				MTL_ENABLE_DEBUG_INFO = YES;
				ONLY_ACTIVE_ARCH = YES;
				SDKROOT = iphoneos;
			};
			name = Debug;
		};
		D1D468D31F7C6A1700066F4D /* Release */ = {
			isa = XCBuildConfiguration;
			buildSettings = {
				ALWAYS_SEARCH_USER_PATHS = NO;
				CLANG_ANALYZER_NONNULL = YES;
				CLANG_ANALYZER_NUMBER_OBJECT_CONVERSION = YES_AGGRESSIVE;
				CLANG_CXX_LANGUAGE_STANDARD = "gnu++0x";
				CLANG_CXX_LIBRARY = "libc++";
				CLANG_ENABLE_MODULES = YES;
				CLANG_ENABLE_OBJC_ARC = YES;
				CLANG_WARN_BOOL_CONVERSION = YES;
				CLANG_WARN_CONSTANT_CONVERSION = YES;
				CLANG_WARN_DIRECT_OBJC_ISA_USAGE = YES_ERROR;
				CLANG_WARN_DOCUMENTATION_COMMENTS = YES;
				CLANG_WARN_EMPTY_BODY = YES;
				CLANG_WARN_ENUM_CONVERSION = YES;
				CLANG_WARN_INFINITE_RECURSION = YES;
				CLANG_WARN_INT_CONVERSION = YES;
				CLANG_WARN_OBJC_ROOT_CLASS = YES_ERROR;
				CLANG_WARN_SUSPICIOUS_MOVE = YES;
				CLANG_WARN_UNREACHABLE_CODE = YES;
				CLANG_WARN__DUPLICATE_METHOD_MATCH = YES;
				"CODE_SIGN_IDENTITY[sdk=iphoneos*]" = "iPhone Developer";
				COPY_PHASE_STRIP = NO;
				DEBUG_INFORMATION_FORMAT = "dwarf-with-dsym";
				ENABLE_NS_ASSERTIONS = NO;
				ENABLE_STRICT_OBJC_MSGSEND = YES;
				GCC_C_LANGUAGE_STANDARD = gnu99;
				GCC_NO_COMMON_BLOCKS = YES;
				GCC_WARN_64_TO_32_BIT_CONVERSION = YES;
				GCC_WARN_ABOUT_RETURN_TYPE = YES_ERROR;
				GCC_WARN_UNDECLARED_SELECTOR = YES;
				GCC_WARN_UNINITIALIZED_AUTOS = YES_AGGRESSIVE;
				GCC_WARN_UNUSED_FUNCTION = YES;
				GCC_WARN_UNUSED_VARIABLE = YES;
				IPHONEOS_DEPLOYMENT_TARGET = 10.3;
				MTL_ENABLE_DEBUG_INFO = NO;
				SDKROOT = iphoneos;
				VALIDATE_PRODUCT = YES;
			};
			name = Release;
		};
		D1D468D51F7C6A1700066F4D /* Debug */ = {
			isa = XCBuildConfiguration;
			baseConfigurationReference = 98672355949E1FB101E63689 /* Pods-Mi Primer Mapa.debug.xcconfig */;
			buildSettings = {
				ASSETCATALOG_COMPILER_APPICON_NAME = AppIcon;
				CODE_SIGN_STYLE = Manual;
				DEVELOPMENT_TEAM = "";
				INFOPLIST_FILE = "Mi Primer Mapa/Info.plist";
				LD_RUNPATH_SEARCH_PATHS = "$(inherited) @executable_path/Frameworks";
				PRODUCT_BUNDLE_IDENTIFIER = "com.wgdomenzain.Mi-Primer-Mapa";
				PRODUCT_NAME = "$(TARGET_NAME)";
				PROVISIONING_PROFILE_SPECIFIER = "";
			};
			name = Debug;
		};
		D1D468D61F7C6A1700066F4D /* Release */ = {
			isa = XCBuildConfiguration;
			baseConfigurationReference = 3E3B6EC931000BC731ADB4F3 /* Pods-Mi Primer Mapa.release.xcconfig */;
			buildSettings = {
				ASSETCATALOG_COMPILER_APPICON_NAME = AppIcon;
				CODE_SIGN_STYLE = Manual;
				DEVELOPMENT_TEAM = "";
				INFOPLIST_FILE = "Mi Primer Mapa/Info.plist";
				LD_RUNPATH_SEARCH_PATHS = "$(inherited) @executable_path/Frameworks";
				PRODUCT_BUNDLE_IDENTIFIER = "com.wgdomenzain.Mi-Primer-Mapa";
				PRODUCT_NAME = "$(TARGET_NAME)";
				PROVISIONING_PROFILE_SPECIFIER = "";
			};
			name = Release;
		};
/* End XCBuildConfiguration section */

/* Begin XCConfigurationList section */
		D1D468B51F7C6A1700066F4D /* Build configuration list for PBXProject "Mi Primer Mapa" */ = {
			isa = XCConfigurationList;
			buildConfigurations = (
				D1D468D21F7C6A1700066F4D /* Debug */,
				D1D468D31F7C6A1700066F4D /* Release */,
			);
			defaultConfigurationIsVisible = 0;
			defaultConfigurationName = Release;
		};
		D1D468D41F7C6A1700066F4D /* Build configuration list for PBXNativeTarget "Mi Primer Mapa" */ = {
			isa = XCConfigurationList;
			buildConfigurations = (
				D1D468D51F7C6A1700066F4D /* Debug */,
				D1D468D61F7C6A1700066F4D /* Release */,
			);
			defaultConfigurationIsVisible = 0;
			defaultConfigurationName = Release;
		};
/* End XCConfigurationList section */

/* Begin XCVersionGroup section */
		D1D468C91F7C6A1700066F4D /* Mi_Primer_Mapa.xcdatamodeld */ = {
			isa = XCVersionGroup;
			children = (
				D1D468CA1F7C6A1700066F4D /* Mi_Primer_Mapa.xcdatamodel */,
			);
			currentVersion = D1D468CA1F7C6A1700066F4D /* Mi_Primer_Mapa.xcdatamodel */;
			path = Mi_Primer_Mapa.xcdatamodeld;
			sourceTree = "<group>";
			versionGroupType = wrapper.xcdatamodel;
		};
/* End XCVersionGroup section */
	};
	rootObject = D1D468B21F7C6A1700066F4D /* Project object */;
}
